
Microsoft Visual Studio Solution File, Format Version 12.00
# Visual Studio 15
VisualStudioVersion = 15.0.28307.168
MinimumVisualStudioVersion = 10.0.40219.1
Project("{FAE04EC0-301F-11D3-BF4B-00C04F79EFBC}") = "SelectionDemo", "SelectionDemo.csproj", "{FCAAEB25-5F2D-4619-A0D2-249D5210A57A}"
EndProject
Global
	GlobalSection(SolutionConfigurationPlatforms) = preSolution
		Debug|Any CPU = Debug|Any CPU
		Release|Any CPU = Release|Any CPU
	EndGlobalSection
	GlobalSection(ProjectConfigurationPlatforms) = postSolution
		{FCAAEB25-5F2D-4619-A0D2-249D5210A57A}.Debug|Any CPU.ActiveCfg = Debug|Any CPU
		{FCAAEB25-5F2D-4619-A0D2-249D5210A57A}.Debug|Any CPU.Build.0 = Debug|Any CPU
		{FCAAEB25-5F2D-4619-A0D2-249D5210A57A}.Release|Any CPU.ActiveCfg = Release|Any CPU
		{FCAAEB25-5F2D-4619-A0D2-249D5210A57A}.Release|Any CPU.Build.0 = Release|Any CPU
	EndGlobalSection
	GlobalSection(SolutionProperties) = preSolution
		HideSolutionNode = FALSE
	EndGlobalSection
	GlobalSection(ExtensibilityGlobals) = postSolution
		SolutionGuid = {263CEAE7-68EE-49F3-B2C6-1DEE50D77561}
	EndGlobalSection
EndGlobal
